# This file was autogenerated by Stack.
# You should not edit this file by hand.
# For more information, please see the documentation at:
#   https://docs.haskellstack.org/en/stable/lock_files

packages:
- completed:
    hackage: sendgrid-v3-0.1.2.0@sha256:b53501564466a0d74d2fff4914fd8676ab61592805550547119ca31dcb3b613d,1462
    pantry-tree:
      size: 332
      sha256: c56ad35c5ffa83819397ca9251333730f9c7a94f95b726f623c64a011de36807
  original:
    hackage: sendgrid-v3-0.1.2.0@sha256:b53501564466a0d74d2fff4914fd8676ab61592805550547119ca31dcb3b613d,1462
snapshots:
- completed:
    size: 504771
    url: https://raw.githubusercontent.com/commercialhaskell/stackage-snapshots/master/lts/12/14.yaml
    sha256: 3cbd6c83316dd5e2bbc756dc7a2a4e31a31859c3f8b5c720efb6850b08e42649
  original: lts-12.14
